
Microsoft Visual Studio Solution File, Format Version 12.00
# Visual Studio 15
VisualStudioVersion = 15.0.26228.9
MinimumVisualStudioVersion = 10.0.40219.1
Project("{FAE04EC0-301F-11D3-BF4B-00C04F79EFBC}") = "ImageAPI", "ImageAPI\ImageAPI.csproj", "{EEAA5B66-32F4-456F-A64F-553F152E3B46}"
EndProject
Project("{FAE04EC0-301F-11D3-BF4B-00C04F79EFBC}") = "Image API Executable", "Image API Executable\Image API Executable.csproj", "{53285F31-37D1-44B9-A85F-C3C24ED18305}"
EndProject
Global
	GlobalSection(SolutionConfigurationPlatforms) = preSolution
		Debug|Any CPU = Debug|Any CPU
		Release|Any CPU = Release|Any CPU
	EndGlobalSection
	GlobalSection(ProjectConfigurationPlatforms) = postSolution
		{EEAA5B66-32F4-456F-A64F-553F152E3B46}.Debug|Any CPU.ActiveCfg = Debug|Any CPU
		{EEAA5B66-32F4-456F-A64F-553F152E3B46}.Debug|Any CPU.Build.0 = Debug|Any CPU
		{EEAA5B66-32F4-456F-A64F-553F152E3B46}.Release|Any CPU.ActiveCfg = Release|Any CPU
		{EEAA5B66-32F4-456F-A64F-553F152E3B46}.Release|Any CPU.Build.0 = Release|Any CPU
		{53285F31-37D1-44B9-A85F-C3C24ED18305}.Debug|Any CPU.ActiveCfg = Debug|Any CPU
		{53285F31-37D1-44B9-A85F-C3C24ED18305}.Debug|Any CPU.Build.0 = Debug|Any CPU
		{53285F31-37D1-44B9-A85F-C3C24ED18305}.Release|Any CPU.ActiveCfg = Release|Any CPU
		{53285F31-37D1-44B9-A85F-C3C24ED18305}.Release|Any CPU.Build.0 = Release|Any CPU
	EndGlobalSection
	GlobalSection(SolutionProperties) = preSolution
		HideSolutionNode = FALSE
	EndGlobalSection
EndGlobal
